// !$*UTF8*$!
{
	archiveVersion = 1;
	classes = {
	};
	objectVersion = 50;
	objects = {

/* Begin PBXBuildFile section */
		CA0131742467147900A78852 /* AppDelegate.swift in Sources */ = {isa = PBXBuildFile; fileRef = CA0131732467147900A78852 /* AppDelegate.swift */; };
		CA0131762467147900A78852 /* SceneDelegate.swift in Sources */ = {isa = PBXBuildFile; fileRef = CA0131752467147900A78852 /* SceneDelegate.swift */; };
		CA0131792467147900A78852 /* iContactManager.xcdatamodeld in Sources */ = {isa = PBXBuildFile; fileRef = CA0131772467147900A78852 /* iContactManager.xcdatamodeld */; };
		CA01317B2467147900A78852 /* ContentView.swift in Sources */ = {isa = PBXBuildFile; fileRef = CA01317A2467147900A78852 /* ContentView.swift */; };
		CA01317D2467147B00A78852 /* Assets.xcassets in Resources */ = {isa = PBXBuildFile; fileRef = CA01317C2467147B00A78852 /* Assets.xcassets */; };
		CA0131802467147B00A78852 /* Preview Assets.xcassets in Resources */ = {isa = PBXBuildFile; fileRef = CA01317F2467147B00A78852 /* Preview Assets.xcassets */; };
		CA0131832467147B00A78852 /* LaunchScreen.storyboard in Resources */ = {isa = PBXBuildFile; fileRef = CA0131812467147B00A78852 /* LaunchScreen.storyboard */; };
		CA01318E2467147C00A78852 /* iContactManagerTests.swift in Sources */ = {isa = PBXBuildFile; fileRef = CA01318D2467147C00A78852 /* iContactManagerTests.swift */; };
		CA0131992467147C00A78852 /* iContactManagerUITests.swift in Sources */ = {isa = PBXBuildFile; fileRef = CA0131982467147C00A78852 /* iContactManagerUITests.swift */; };
/* End PBXBuildFile section */

/* Begin PBXContainerItemProxy section */
		CA01318A2467147C00A78852 /* PBXContainerItemProxy */ = {
			isa = PBXContainerItemProxy;
			containerPortal = CA0131682467147900A78852 /* Project object */;
			proxyType = 1;
			remoteGlobalIDString = CA01316F2467147900A78852;
			remoteInfo = iContactManager;
		};
		CA0131952467147C00A78852 /* PBXContainerItemProxy */ = {
			isa = PBXContainerItemProxy;
			containerPortal = CA0131682467147900A78852 /* Project object */;
			proxyType = 1;
			remoteGlobalIDString = CA01316F2467147900A78852;
			remoteInfo = iContactManager;
		};
/* End PBXContainerItemProxy section */

/* Begin PBXFileReference section */
		CA0131702467147900A78852 /* iContactManager.app */ = {isa = PBXFileReference; explicitFileType = wrapper.application; includeInIndex = 0; path = iContactManager.app; sourceTree = BUILT_PRODUCTS_DIR; };
		CA0131732467147900A78852 /* AppDelegate.swift */ = {isa = PBXFileReference; lastKnownFileType = sourcecode.swift; path = AppDelegate.swift; sourceTree = "<group>"; };
		CA0131752467147900A78852 /* SceneDelegate.swift */ = {isa = PBXFileReference; lastKnownFileType = sourcecode.swift; path = SceneDelegate.swift; sourceTree = "<group>"; };
		CA0131782467147900A78852 /* iContactManager.xcdatamodel */ = {isa = PBXFileReference; lastKnownFileType = wrapper.xcdatamodel; path = iContactManager.xcdatamodel; sourceTree = "<group>"; };
		CA01317A2467147900A78852 /* ContentView.swift */ = {isa = PBXFileReference; lastKnownFileType = sourcecode.swift; path = ContentView.swift; sourceTree = "<group>"; };
		CA01317C2467147B00A78852 /* Assets.xcassets */ = {isa = PBXFileReference; lastKnownFileType = folder.assetcatalog; path = Assets.xcassets; sourceTree = "<group>"; };
		CA01317F2467147B00A78852 /* Preview Assets.xcassets */ = {isa = PBXFileReference; lastKnownFileType = folder.assetcatalog; path = "Preview Assets.xcassets"; sourceTree = "<group>"; };
		CA0131822467147B00A78852 /* Base */ = {isa = PBXFileReference; lastKnownFileType = file.storyboard; name = Base; path = Base.lproj/LaunchScreen.storyboard; sourceTree = "<group>"; };
		CA0131842467147B00A78852 /* Info.plist */ = {isa = PBXFileReference; lastKnownFileType = text.plist.xml; path = Info.plist; sourceTree = "<group>"; };
		CA0131892467147C00A78852 /* iContactManagerTests.xctest */ = {isa = PBXFileReference; explicitFileType = wrapper.cfbundle; includeInIndex = 0; path = iContactManagerTests.xctest; sourceTree = BUILT_PRODUCTS_DIR; };
		CA01318D2467147C00A78852 /* iContactManagerTests.swift */ = {isa = PBXFileReference; lastKnownFileType = sourcecode.swift; path = iContactManagerTests.swift; sourceTree = "<group>"; };
		CA01318F2467147C00A78852 /* Info.plist */ = {isa = PBXFileReference; lastKnownFileType = text.plist.xml; path = Info.plist; sourceTree = "<group>"; };
		CA0131942467147C00A78852 /* iContactManagerUITests.xctest */ = {isa = PBXFileReference; explicitFileType = wrapper.cfbundle; includeInIndex = 0; path = iContactManagerUITests.xctest; sourceTree = BUILT_PRODUCTS_DIR; };
		CA0131982467147C00A78852 /* iContactManagerUITests.swift */ = {isa = PBXFileReference; lastKnownFileType = sourcecode.swift; path = iContactManagerUITests.swift; sourceTree = "<group>"; };
		CA01319A2467147C00A78852 /* Info.plist */ = {isa = PBXFileReference; lastKnownFileType = text.plist.xml; path = Info.plist; sourceTree = "<group>"; };
/* End PBXFileReference section */

/* Begin PBXFrameworksBuildPhase section */
		CA01316D2467147900A78852 /* Frameworks */ = {
			isa = PBXFrameworksBuildPhase;
			buildActionMask = 2147483647;
			files = (
			);
			runOnlyForDeploymentPostprocessing = 0;
		};
		CA0131862467147C00A78852 /* Frameworks */ = {
			isa = PBXFrameworksBuildPhase;
			buildActionMask = 2147483647;
			files = (
			);
			runOnlyForDeploymentPostprocessing = 0;
		};
		CA0131912467147C00A78852 /* Frameworks */ = {
			isa = PBXFrameworksBuildPhase;
			buildActionMask = 2147483647;
			files = (
			);
			runOnlyForDeploymentPostprocessing = 0;
		};
/* End PBXFrameworksBuildPhase section */

/* Begin PBXGroup section */
		CA0131672467147900A78852 = {
			isa = PBXGroup;
			children = (
				CA0131722467147900A78852 /* iContactManager */,
				CA01318C2467147C00A78852 /* iContactManagerTests */,
				CA0131972467147C00A78852 /* iContactManagerUITests */,
				CA0131712467147900A78852 /* Products */,
			);
			sourceTree = "<group>";
		};
		CA0131712467147900A78852 /* Products */ = {
			isa = PBXGroup;
			children = (
				CA0131702467147900A78852 /* iContactManager.app */,
				CA0131892467147C00A78852 /* iContactManagerTests.xctest */,
				CA0131942467147C00A78852 /* iContactManagerUITests.xctest */,
			);
			name = Products;
			sourceTree = "<group>";
		};
		CA0131722467147900A78852 /* iContactManager */ = {
			isa = PBXGroup;
			children = (
				CA0131732467147900A78852 /* AppDelegate.swift */,
				CA0131752467147900A78852 /* SceneDelegate.swift */,
				CA01317A2467147900A78852 /* ContentView.swift */,
				CA01317C2467147B00A78852 /* Assets.xcassets */,
				CA0131812467147B00A78852 /* LaunchScreen.storyboard */,
				CA0131842467147B00A78852 /* Info.plist */,
				CA0131772467147900A78852 /* iContactManager.xcdatamodeld */,
				CA01317E2467147B00A78852 /* Preview Content */,
			);
			path = iContactManager;
			sourceTree = "<group>";
		};
		CA01317E2467147B00A78852 /* Preview Content */ = {
			isa = PBXGroup;
			children = (
				CA01317F2467147B00A78852 /* Preview Assets.xcassets */,
			);
			path = "Preview Content";
			sourceTree = "<group>";
		};
		CA01318C2467147C00A78852 /* iContactManagerTests */ = {
			isa = PBXGroup;
			children = (
				CA01318D2467147C00A78852 /* iContactManagerTests.swift */,
				CA01318F2467147C00A78852 /* Info.plist */,
			);
			path = iContactManagerTests;
			sourceTree = "<group>";
		};
		CA0131972467147C00A78852 /* iContactManagerUITests */ = {
			isa = PBXGroup;
			children = (
				CA0131982467147C00A78852 /* iContactManagerUITests.swift */,
				CA01319A2467147C00A78852 /* Info.plist */,
			);
			path = iContactManagerUITests;
			sourceTree = "<group>";
		};
/* End PBXGroup section */

/* Begin PBXNativeTarget section */
		CA01316F2467147900A78852 /* iContactManager */ = {
			isa = PBXNativeTarget;
			buildConfigurationList = CA01319D2467147C00A78852 /* Build configuration list for PBXNativeTarget "iContactManager" */;
			buildPhases = (
				CA01316C2467147900A78852 /* Sources */,
				CA01316D2467147900A78852 /* Frameworks */,
				CA01316E2467147900A78852 /* Resources */,
			);
			buildRules = (
			);
			dependencies = (
			);
			name = iContactManager;
			productName = iContactManager;
			productReference = CA0131702467147900A78852 /* iContactManager.app */;
			productType = "com.apple.product-type.application";
		};
		CA0131882467147C00A78852 /* iContactManagerTests */ = {
			isa = PBXNativeTarget;
			buildConfigurationList = CA0131A02467147C00A78852 /* Build configuration list for PBXNativeTarget "iContactManagerTests" */;
			buildPhases = (
				CA0131852467147C00A78852 /* Sources */,
				CA0131862467147C00A78852 /* Frameworks */,
				CA0131872467147C00A78852 /* Resources */,
			);
			buildRules = (
			);
			dependencies = (
				CA01318B2467147C00A78852 /* PBXTargetDependency */,
			);
			name = iContactManagerTests;
			productName = iContactManagerTests;
			productReference = CA0131892467147C00A78852 /* iContactManagerTests.xctest */;
			productType = "com.apple.product-type.bundle.unit-test";
		};
		CA0131932467147C00A78852 /* iContactManagerUITests */ = {
			isa = PBXNativeTarget;
			buildConfigurationList = CA0131A32467147C00A78852 /* Build configuration list for PBXNativeTarget "iContactManagerUITests" */;
			buildPhases = (
				CA0131902467147C00A78852 /* Sources */,
				CA0131912467147C00A78852 /* Frameworks */,
				CA0131922467147C00A78852 /* Resources */,
			);
			buildRules = (
			);
			dependencies = (
				CA0131962467147C00A78852 /* PBXTargetDependency */,
			);
			name = iContactManagerUITests;
			productName = iContactManagerUITests;
			productReference = CA0131942467147C00A78852 /* iContactManagerUITests.xctest */;
			productType = "com.apple.product-type.bundle.ui-testing";
		};
/* End PBXNativeTarget section */

/* Begin PBXProject section */
		CA0131682467147900A78852 /* Project object */ = {
			isa = PBXProject;
			attributes = {
				LastSwiftUpdateCheck = 1130;
				LastUpgradeCheck = 1130;
				ORGANIZATIONNAME = "Assembly Chile";
				TargetAttributes = {
					CA01316F2467147900A78852 = {
						CreatedOnToolsVersion = 11.3.1;
					};
					CA0131882467147C00A78852 = {
						CreatedOnToolsVersion = 11.3.1;
						TestTargetID = CA01316F2467147900A78852;
					};
					CA0131932467147C00A78852 = {
						CreatedOnToolsVersion = 11.3.1;
						TestTargetID = CA01316F2467147900A78852;
					};
				};
			};
			buildConfigurationList = CA01316B2467147900A78852 /* Build configuration list for PBXProject "iContactManager" */;
			compatibilityVersion = "Xcode 9.3";
			developmentRegion = en;
			hasScannedForEncodings = 0;
			knownRegions = (
				en,
				Base,
			);
			mainGroup = CA0131672467147900A78852;
			productRefGroup = CA0131712467147900A78852 /* Products */;
			projectDirPath = "";
			projectRoot = "";
			targets = (
				CA01316F2467147900A78852 /* iContactManager */,
				CA0131882467147C00A78852 /* iContactManagerTests */,
				CA0131932467147C00A78852 /* iContactManagerUITests */,
			);
		};
/* End PBXProject section */

/* Begin PBXResourcesBuildPhase section */
		CA01316E2467147900A78852 /* Resources */ = {
			isa = PBXResourcesBuildPhase;
			buildActionMask = 2147483647;
			files = (
				CA0131832467147B00A78852 /* LaunchScreen.storyboard in Resources */,
				CA0131802467147B00A78852 /* Preview Assets.xcassets in Resources */,
				CA01317D2467147B00A78852 /* Assets.xcassets in Resources */,
			);
			runOnlyForDeploymentPostprocessing = 0;
		};
		CA0131872467147C00A78852 /* Resources */ = {
			isa = PBXResourcesBuildPhase;
			buildActionMask = 2147483647;
			files = (
			);
			runOnlyForDeploymentPostprocessing = 0;
		};
		CA0131922467147C00A78852 /* Resources */ = {
			isa = PBXResourcesBuildPhase;
			buildActionMask = 2147483647;
			files = (
			);
			runOnlyForDeploymentPostprocessing = 0;
		};
/* End PBXResourcesBuildPhase section */

/* Begin PBXSourcesBuildPhase section */
		CA01316C2467147900A78852 /* Sources */ = {
			isa = PBXSourcesBuildPhase;
			buildActionMask = 2147483647;
			files = (
				CA0131742467147900A78852 /* AppDelegate.swift in Sources */,
				CA0131762467147900A78852 /* SceneDelegate.swift in Sources */,
				CA01317B2467147900A78852 /* ContentView.swift in Sources */,
				CA0131792467147900A78852 /* iContactManager.xcdatamodeld in Sources */,
			);
			runOnlyForDeploymentPostprocessing = 0;
		};
		CA0131852467147C00A78852 /* Sources */ = {
			isa = PBXSourcesBuildPhase;
			buildActionMask = 2147483647;
			files = (
				CA01318E2467147C00A78852 /* iContactManagerTests.swift in Sources */,
			);
			runOnlyForDeploymentPostprocessing = 0;
		};
		CA0131902467147C00A78852 /* Sources */ = {
			isa = PBXSourcesBuildPhase;
			buildActionMask = 2147483647;
			files = (
				CA0131992467147C00A78852 /* iContactManagerUITests.swift in Sources */,
			);
			runOnlyForDeploymentPostprocessing = 0;
		};
/* End PBXSourcesBuildPhase section */

/* Begin PBXTargetDependency section */
		CA01318B2467147C00A78852 /* PBXTargetDependency */ = {
			isa = PBXTargetDependency;
			target = CA01316F2467147900A78852 /* iContactManager */;
			targetProxy = CA01318A2467147C00A78852 /* PBXContainerItemProxy */;
		};
		CA0131962467147C00A78852 /* PBXTargetDependency */ = {
			isa = PBXTargetDependency;
			target = CA01316F2467147900A78852 /* iContactManager */;
			targetProxy = CA0131952467147C00A78852 /* PBXContainerItemProxy */;
		};
/* End PBXTargetDependency section */

/* Begin PBXVariantGroup section */
		CA0131812467147B00A78852 /* LaunchScreen.storyboard */ = {
			isa = PBXVariantGroup;
			children = (
				CA0131822467147B00A78852 /* Base */,
			);
			name = LaunchScreen.storyboard;
			sourceTree = "<group>";
		};
/* End PBXVariantGroup section */

/* Begin XCBuildConfiguration section */
		CA01319B2467147C00A78852 /* Debug */ = {
			isa = XCBuildConfiguration;
			buildSettings = {
				ALWAYS_SEARCH_USER_PATHS = NO;
				CLANG_ANALYZER_NONNULL = YES;
				CLANG_ANALYZER_NUMBER_OBJECT_CONVERSION = YES_AGGRESSIVE;
				CLANG_CXX_LANGUAGE_STANDARD = "gnu++14";
				CLANG_CXX_LIBRARY = "libc++";
				CLANG_ENABLE_MODULES = YES;
				CLANG_ENABLE_OBJC_ARC = YES;
				CLANG_ENABLE_OBJC_WEAK = YES;
				CLANG_WARN_BLOCK_CAPTURE_AUTORELEASING = YES;
				CLANG_WARN_BOOL_CONVERSION = YES;
				CLANG_WARN_COMMA = YES;
				CLANG_WARN_CONSTANT_CONVERSION = YES;
				CLANG_WARN_DEPRECATED_OBJC_IMPLEMENTATIONS = YES;
				CLANG_WARN_DIRECT_OBJC_ISA_USAGE = YES_ERROR;
				CLANG_WARN_DOCUMENTATION_COMMENTS = YES;
				CLANG_WARN_EMPTY_BODY = YES;
				CLANG_WARN_ENUM_CONVERSION = YES;
				CLANG_WARN_INFINITE_RECURSION = YES;
				CLANG_WARN_INT_CONVERSION = YES;
				CLANG_WARN_NON_LITERAL_NULL_CONVERSION = YES;
				CLANG_WARN_OBJC_IMPLICIT_RETAIN_SELF = YES;
				CLANG_WARN_OBJC_LITERAL_CONVERSION = YES;
				CLANG_WARN_OBJC_ROOT_CLASS = YES_ERROR;
				CLANG_WARN_RANGE_LOOP_ANALYSIS = YES;
				CLANG_WARN_STRICT_PROTOTYPES = YES;
				CLANG_WARN_SUSPICIOUS_MOVE = YES;
				CLANG_WARN_UNGUARDED_AVAILABILITY = YES_AGGRESSIVE;
				CLANG_WARN_UNREACHABLE_CODE = YES;
				CLANG_WARN__DUPLICATE_METHOD_MATCH = YES;
				COPY_PHASE_STRIP = NO;
				DEBUG_INFORMATION_FORMAT = dwarf;
				ENABLE_STRICT_OBJC_MSGSEND = YES;
				ENABLE_TESTABILITY = YES;
				GCC_C_LANGUAGE_STANDARD = gnu11;
				GCC_DYNAMIC_NO_PIC = NO;
				GCC_NO_COMMON_BLOCKS = YES;
				GCC_OPTIMIZATION_LEVEL = 0;
				GCC_PREPROCESSOR_DEFINITIONS = (
					"DEBUG=1",
					"$(inherited)",
				);
				GCC_WARN_64_TO_32_BIT_CONVERSION = YES;
				GCC_WARN_ABOUT_RETURN_TYPE = YES_ERROR;
				GCC_WARN_UNDECLARED_SELECTOR = YES;
				GCC_WARN_UNINITIALIZED_AUTOS = YES_AGGRESSIVE;
				GCC_WARN_UNUSED_FUNCTION = YES;
				GCC_WARN_UNUSED_VARIABLE = YES;
				IPHONEOS_DEPLOYMENT_TARGET = 13.2;
				MTL_ENABLE_DEBUG_INFO = INCLUDE_SOURCE;
				MTL_FAST_MATH = YES;
				ONLY_ACTIVE_ARCH = YES;
				SDKROOT = iphoneos;
				SWIFT_ACTIVE_COMPILATION_CONDITIONS = DEBUG;
				SWIFT_OPTIMIZATION_LEVEL = "-Onone";
			};
			name = Debug;
		};
		CA01319C2467147C00A78852 /* Release */ = {
			isa = XCBuildConfiguration;
			buildSettings = {
				ALWAYS_SEARCH_USER_PATHS = NO;
				CLANG_ANALYZER_NONNULL = YES;
				CLANG_ANALYZER_NUMBER_OBJECT_CONVERSION = YES_AGGRESSIVE;
				CLANG_CXX_LANGUAGE_STANDARD = "gnu++14";
				CLANG_CXX_LIBRARY = "libc++";
				CLANG_ENABLE_MODULES = YES;
				CLANG_ENABLE_OBJC_ARC = YES;
				CLANG_ENABLE_OBJC_WEAK = YES;
				CLANG_WARN_BLOCK_CAPTURE_AUTORELEASING = YES;
				CLANG_WARN_BOOL_CONVERSION = YES;
				CLANG_WARN_COMMA = YES;
				CLANG_WARN_CONSTANT_CONVERSION = YES;
				CLANG_WARN_DEPRECATED_OBJC_IMPLEMENTATIONS = YES;
				CLANG_WARN_DIRECT_OBJC_ISA_USAGE = YES_ERROR;
				CLANG_WARN_DOCUMENTATION_COMMENTS = YES;
				CLANG_WARN_EMPTY_BODY = YES;
				CLANG_WARN_ENUM_CONVERSION = YES;
				CLANG_WARN_INFINITE_RECURSION = YES;
				CLANG_WARN_INT_CONVERSION = YES;
				CLANG_WARN_NON_LITERAL_NULL_CONVERSION = YES;
				CLANG_WARN_OBJC_IMPLICIT_RETAIN_SELF = YES;
				CLANG_WARN_OBJC_LITERAL_CONVERSION = YES;
				CLANG_WARN_OBJC_ROOT_CLASS = YES_ERROR;
				CLANG_WARN_RANGE_LOOP_ANALYSIS = YES;
				CLANG_WARN_STRICT_PROTOTYPES = YES;
				CLANG_WARN_SUSPICIOUS_MOVE = YES;
				CLANG_WARN_UNGUARDED_AVAILABILITY = YES_AGGRESSIVE;
				CLANG_WARN_UNREACHABLE_CODE = YES;
				CLANG_WARN__DUPLICATE_METHOD_MATCH = YES;
				COPY_PHASE_STRIP = NO;
				DEBUG_INFORMATION_FORMAT = "dwarf-with-dsym";
				ENABLE_NS_ASSERTIONS = NO;
				ENABLE_STRICT_OBJC_MSGSEND = YES;
				GCC_C_LANGUAGE_STANDARD = gnu11;
				GCC_NO_COMMON_BLOCKS = YES;
				GCC_WARN_64_TO_32_BIT_CONVERSION = YES;
				GCC_WARN_ABOUT_RETURN_TYPE = YES_ERROR;
				GCC_WARN_UNDECLARED_SELECTOR = YES;
				GCC_WARN_UNINITIALIZED_AUTOS = YES_AGGRESSIVE;
				GCC_WARN_UNUSED_FUNCTION = YES;
				GCC_WARN_UNUSED_VARIABLE = YES;
				IPHONEOS_DEPLOYMENT_TARGET = 13.2;
				MTL_ENABLE_DEBUG_INFO = NO;
				MTL_FAST_MATH = YES;
				SDKROOT = iphoneos;
				SWIFT_COMPILATION_MODE = wholemodule;
				SWIFT_OPTIMIZATION_LEVEL = "-O";
				VALIDATE_PRODUCT = YES;
			};
			name = Release;
		};
		CA01319E2467147C00A78852 /* Debug */ = {
			isa = XCBuildConfiguration;
			buildSettings = {
				ASSETCATALOG_COMPILER_APPICON_NAME = AppIcon;
				CODE_SIGN_STYLE = Automatic;
				DEVELOPMENT_ASSET_PATHS = "\"iContactManager/Preview Content\"";
				DEVELOPMENT_TEAM = 44GQS57MJJ;
				ENABLE_PREVIEWS = YES;
				INFOPLIST_FILE = iContactManager/Info.plist;
				LD_RUNPATH_SEARCH_PATHS = (
					"$(inherited)",
					"@executable_path/Frameworks",
				);
				PRODUCT_BUNDLE_IDENTIFIER = cl.assembly.iContactManager;
				PRODUCT_NAME = "$(TARGET_NAME)";
				SWIFT_VERSION = 5.0;
				TARGETED_DEVICE_FAMILY = "1,2";
			};
			name = Debug;
		};
		CA01319F2467147C00A78852 /* Release */ = {
			isa = XCBuildConfiguration;
			buildSettings = {
				ASSETCATALOG_COMPILER_APPICON_NAME = AppIcon;
				CODE_SIGN_STYLE = Automatic;
				DEVELOPMENT_ASSET_PATHS = "\"iContactManager/Preview Content\"";
				DEVELOPMENT_TEAM = 44GQS57MJJ;
				ENABLE_PREVIEWS = YES;
				INFOPLIST_FILE = iContactManager/Info.plist;
				LD_RUNPATH_SEARCH_PATHS = (
					"$(inherited)",
					"@executable_path/Frameworks",
				);
				PRODUCT_BUNDLE_IDENTIFIER = cl.assembly.iContactManager;
				PRODUCT_NAME = "$(TARGET_NAME)";
				SWIFT_VERSION = 5.0;
				TARGETED_DEVICE_FAMILY = "1,2";
			};
			name = Release;
		};
		CA0131A12467147C00A78852 /* Debug */ = {
			isa = XCBuildConfiguration;
			buildSettings = {
				ALWAYS_EMBED_SWIFT_STANDARD_LIBRARIES = YES;
				BUNDLE_LOADER = "$(TEST_HOST)";
				CODE_SIGN_STYLE = Automatic;
				DEVELOPMENT_TEAM = 44GQS57MJJ;
				INFOPLIST_FILE = iContactManagerTests/Info.plist;
				IPHONEOS_DEPLOYMENT_TARGET = 13.2;
				LD_RUNPATH_SEARCH_PATHS = (
					"$(inherited)",
					"@executable_path/Frameworks",
					"@loader_path/Frameworks",
				);
				PRODUCT_BUNDLE_IDENTIFIER = cl.assembly.iContactManagerTests;
				PRODUCT_NAME = "$(TARGET_NAME)";
				SWIFT_VERSION = 5.0;
				TARGETED_DEVICE_FAMILY = "1,2";
				TEST_HOST = "$(BUILT_PRODUCTS_DIR)/iContactManager.app/iContactManager";
			};
			name = Debug;
		};
		CA0131A22467147C00A78852 /* Release */ = {
			isa = XCBuildConfiguration;
			buildSettings = {
				ALWAYS_EMBED_SWIFT_STANDARD_LIBRARIES = YES;
				BUNDLE_LOADER = "$(TEST_HOST)";
				CODE_SIGN_STYLE = Automatic;
				DEVELOPMENT_TEAM = 44GQS57MJJ;
				INFOPLIST_FILE = iContactManagerTests/Info.plist;
				IPHONEOS_DEPLOYMENT_TARGET = 13.2;
				LD_RUNPATH_SEARCH_PATHS = (
					"$(inherited)",
					"@executable_path/Frameworks",
					"@loader_path/Frameworks",
				);
				PRODUCT_BUNDLE_IDENTIFIER = cl.assembly.iContactManagerTests;
				PRODUCT_NAME = "$(TARGET_NAME)";
				SWIFT_VERSION = 5.0;
				TARGETED_DEVICE_FAMILY = "1,2";
				TEST_HOST = "$(BUILT_PRODUCTS_DIR)/iContactManager.app/iContactManager";
			};
			name = Release;
		};
		CA0131A42467147C00A78852 /* Debug */ = {
			isa = XCBuildConfiguration;
			buildSettings = {
				ALWAYS_EMBED_SWIFT_STANDARD_LIBRARIES = YES;
				CODE_SIGN_STYLE = Automatic;
				DEVELOPMENT_TEAM = 44GQS57MJJ;
				INFOPLIST_FILE = iContactManagerUITests/Info.plist;
				LD_RUNPATH_SEARCH_PATHS = (
					"$(inherited)",
					"@executable_path/Frameworks",
					"@loader_path/Frameworks",
				);
				PRODUCT_BUNDLE_IDENTIFIER = cl.assembly.iContactManagerUITests;
				PRODUCT_NAME = "$(TARGET_NAME)";
				SWIFT_VERSION = 5.0;
				TARGETED_DEVICE_FAMILY = "1,2";
				TEST_TARGET_NAME = iContactManager;
			};
			name = Debug;
		};
		CA0131A52467147C00A78852 /* Release */ = {
			isa = XCBuildConfiguration;
			buildSettings = {
				ALWAYS_EMBED_SWIFT_STANDARD_LIBRARIES = YES;
				CODE_SIGN_STYLE = Automatic;
				DEVELOPMENT_TEAM = 44GQS57MJJ;
				INFOPLIST_FILE = iContactManagerUITests/Info.plist;
				LD_RUNPATH_SEARCH_PATHS = (
					"$(inherited)",
					"@executable_path/Frameworks",
					"@loader_path/Frameworks",
				);
				PRODUCT_BUNDLE_IDENTIFIER = cl.assembly.iContactManagerUITests;
				PRODUCT_NAME = "$(TARGET_NAME)";
				SWIFT_VERSION = 5.0;
				TARGETED_DEVICE_FAMILY = "1,2";
				TEST_TARGET_NAME = iContactManager;
			};
			name = Release;
		};
/* End XCBuildConfiguration section */

/* Begin XCConfigurationList section */
		CA01316B2467147900A78852 /* Build configuration list for PBXProject "iContactManager" */ = {
			isa = XCConfigurationList;
			buildConfigurations = (
				CA01319B2467147C00A78852 /* Debug */,
				CA01319C2467147C00A78852 /* Release */,
			);
			defaultConfigurationIsVisible = 0;
			defaultConfigurationName = Release;
		};
		CA01319D2467147C00A78852 /* Build configuration list for PBXNativeTarget "iContactManager" */ = {
			isa = XCConfigurationList;
			buildConfigurations = (
				CA01319E2467147C00A78852 /* Debug */,
				CA01319F2467147C00A78852 /* Release */,
			);
			defaultConfigurationIsVisible = 0;
			defaultConfigurationName = Release;
		};
		CA0131A02467147C00A78852 /* Build configuration list for PBXNativeTarget "iContactManagerTests" */ = {
			isa = XCConfigurationList;
			buildConfigurations = (
				CA0131A12467147C00A78852 /* Debug */,
				CA0131A22467147C00A78852 /* Release */,
			);
			defaultConfigurationIsVisible = 0;
			defaultConfigurationName = Release;
		};
		CA0131A32467147C00A78852 /* Build configuration list for PBXNativeTarget "iContactManagerUITests" */ = {
			isa = XCConfigurationList;
			buildConfigurations = (
				CA0131A42467147C00A78852 /* Debug */,
				CA0131A52467147C00A78852 /* Release */,
			);
			defaultConfigurationIsVisible = 0;
			defaultConfigurationName = Release;
		};
/* End XCConfigurationList section */

/* Begin XCVersionGroup section */
		CA0131772467147900A78852 /* iContactManager.xcdatamodeld */ = {
			isa = XCVersionGroup;
			children = (
				CA0131782467147900A78852 /* iContactManager.xcdatamodel */,
			);
			currentVersion = CA0131782467147900A78852 /* iContactManager.xcdatamodel */;
			path = iContactManager.xcdatamodeld;
			sourceTree = "<group>";
			versionGroupType = wrapper.xcdatamodel;
		};
/* End XCVersionGroup section */
	};
	rootObject = CA0131682467147900A78852 /* Project object */;
}
